
Microsoft Visual Studio Solution File, Format Version 12.00
# Visual Studio Version 16
VisualStudioVersion = 16.0.32106.194
MinimumVisualStudioVersion = 10.0.40219.1
Project("{FAE04EC0-301F-11D3-BF4B-00C04F79EFBC}") = "MantenimientoDeEquipos", "MantenimientoDeEquipos\MantenimientoDeEquipos.csproj", "{3FDFBA4C-AF9D-4111-BFA0-FFFE6A8206BC}"
EndProject
Global
	GlobalSection(SolutionConfigurationPlatforms) = preSolution
		Debug|Any CPU = Debug|Any CPU
		Release|Any CPU = Release|Any CPU
	EndGlobalSection
	GlobalSection(ProjectConfigurationPlatforms) = postSolution
		{3FDFBA4C-AF9D-4111-BFA0-FFFE6A8206BC}.Debug|Any CPU.ActiveCfg = Debug|Any CPU
		{3FDFBA4C-AF9D-4111-BFA0-FFFE6A8206BC}.Debug|Any CPU.Build.0 = Debug|Any CPU
		{3FDFBA4C-AF9D-4111-BFA0-FFFE6A8206BC}.Release|Any CPU.ActiveCfg = Release|Any CPU
		{3FDFBA4C-AF9D-4111-BFA0-FFFE6A8206BC}.Release|Any CPU.Build.0 = Release|Any CPU
	EndGlobalSection
	GlobalSection(SolutionProperties) = preSolution
		HideSolutionNode = FALSE
	EndGlobalSection
	GlobalSection(ExtensibilityGlobals) = postSolution
		SolutionGuid = {316870E0-633C-4CAB-9130-4C8E020CD8A8}
	EndGlobalSection
EndGlobal
